
Microsoft Visual Studio Solution File, Format Version 12.00
# Visual Studio 15
Project("{FAE04EC0-301F-11D3-BF4B-00C04F79EFBC}") = "Assembly-CSharp", "Assembly-CSharp.csproj", "{90517A8C-F11A-273A-38C6-7B18DFE9A227}"
EndProject
Project("{FAE04EC0-301F-11D3-BF4B-00C04F79EFBC}") = "Assembly-CSharp-Editor", "Assembly-CSharp-Editor.csproj", "{7B21C57B-ECEA-8FB5-0976-5AB6798A6021}"
EndProject
Project("{FAE04EC0-301F-11D3-BF4B-00C04F79EFBC}") = "UniRx", "UniRx.csproj", "{7A473317-0D75-1187-DF1D-0E0175454D8F}"
EndProject
Project("{FAE04EC0-301F-11D3-BF4B-00C04F79EFBC}") = "MoreMountains.NiceVibrations.Demos", "MoreMountains.NiceVibrations.Demos.csproj", "{E10511B1-BA17-339E-086D-231F959038CC}"
EndProject
Project("{FAE04EC0-301F-11D3-BF4B-00C04F79EFBC}") = "ACTk.Runtime", "ACTk.Runtime.csproj", "{F1D67D14-E1D0-2606-95FF-4C9E0A65B342}"
EndProject
Project("{FAE04EC0-301F-11D3-BF4B-00C04F79EFBC}") = "MoreMountains.NiceVibrations.Haptics", "MoreMountains.NiceVibrations.Haptics.csproj", "{591D8627-25BE-818D-2972-B400F26D744D}"
EndProject
Project("{FAE04EC0-301F-11D3-BF4B-00C04F79EFBC}") = "ACTk.Editor", "ACTk.Editor.csproj", "{50F2A374-9674-4025-64FF-EBA944BF9747}"
EndProject
Project("{FAE04EC0-301F-11D3-BF4B-00C04F79EFBC}") = "Google.Android.AppBundle.Editor", "Google.Android.AppBundle.Editor.csproj", "{607FC848-4D47-1B23-5892-E0BFA0B3FA0F}"
EndProject
Project("{FAE04EC0-301F-11D3-BF4B-00C04F79EFBC}") = "spine-unity", "spine-unity.csproj", "{963A414D-A402-2ED6-ABF1-FCD73C0BD423}"
EndProject
Project("{FAE04EC0-301F-11D3-BF4B-00C04F79EFBC}") = "spine-unity-editor", "spine-unity-editor.csproj", "{2B0DD047-9149-BB04-8A25-E3F61E378B69}"
EndProject
Project("{FAE04EC0-301F-11D3-BF4B-00C04F79EFBC}") = "MaxSdk.Scripts", "MaxSdk.Scripts.csproj", "{755B1A28-FCBD-35C4-588D-59700EB90D46}"
EndProject
Project("{FAE04EC0-301F-11D3-BF4B-00C04F79EFBC}") = "ACTk.Examples.Genuine.Runtime", "ACTk.Examples.Genuine.Runtime.csproj", "{312E59E0-D30C-E663-6585-D60F33145ECA}"
EndProject
Project("{FAE04EC0-301F-11D3-BF4B-00C04F79EFBC}") = "AppsFlyer", "AppsFlyer.csproj", "{E546FAFE-9A68-D1AA-AB8E-859C0D421C11}"
EndProject
Project("{FAE04EC0-301F-11D3-BF4B-00C04F79EFBC}") = "ACTk.Examples.Runtime", "ACTk.Examples.Runtime.csproj", "{89D6BE17-4140-4BF6-4342-0B1F8FD5AC15}"
EndProject
Project("{FAE04EC0-301F-11D3-BF4B-00C04F79EFBC}") = "Coffee.UIParticle.Editor", "Coffee.UIParticle.Editor.csproj", "{D7A27E72-9D8F-D69D-6012-FDBD098C0E67}"
EndProject
Project("{FAE04EC0-301F-11D3-BF4B-00C04F79EFBC}") = "Google.Play.Common", "Google.Play.Common.csproj", "{FCCC5D41-2BBA-BB22-BC96-8C4FC1948C59}"
EndProject
Project("{FAE04EC0-301F-11D3-BF4B-00C04F79EFBC}") = "ACTk.Examples.Genuine.Editor", "ACTk.Examples.Genuine.Editor.csproj", "{48F508FE-7FF6-4A64-58B7-3B5DD82F452C}"
EndProject
Project("{FAE04EC0-301F-11D3-BF4B-00C04F79EFBC}") = "MoreMountains.NiceVibrations.Editor", "MoreMountains.NiceVibrations.Editor.csproj", "{4BBB8543-E87C-5B8B-70D3-ACF4DC77B637}"
EndProject
Project("{FAE04EC0-301F-11D3-BF4B-00C04F79EFBC}") = "Google.Play.Core", "Google.Play.Core.csproj", "{02F28B8E-F9C4-798D-217F-A9F81D083744}"
EndProject
Project("{FAE04EC0-301F-11D3-BF4B-00C04F79EFBC}") = "Coffee.UIParticle", "Coffee.UIParticle.csproj", "{0CEB174C-CF5B-9337-6307-0FABEC641F7F}"
EndProject
Project("{FAE04EC0-301F-11D3-BF4B-00C04F79EFBC}") = "MaxSdk.Scripts.IntegrationManager.Editor", "MaxSdk.Scripts.IntegrationManager.Editor.csproj", "{B8134201-1A88-ED00-BF17-62EEBEF78B73}"
EndProject
Project("{FAE04EC0-301F-11D3-BF4B-00C04F79EFBC}") = "UniRx.Examples", "UniRx.Examples.csproj", "{7320347B-0135-B831-A24A-AB0E23057E58}"
EndProject
Project("{FAE04EC0-301F-11D3-BF4B-00C04F79EFBC}") = "AppsFlyer.Editor", "AppsFlyer.Editor.csproj", "{688A7DF3-658E-7824-B00D-8FB47744CD68}"
EndProject
Project("{FAE04EC0-301F-11D3-BF4B-00C04F79EFBC}") = "Google.Play.Review", "Google.Play.Review.csproj", "{85B4E3F4-D3E8-6B51-2653-B33B5C089197}"
EndProject
Project("{FAE04EC0-301F-11D3-BF4B-00C04F79EFBC}") = "MoreMountains.NiceVibrations", "MoreMountains.NiceVibrations.csproj", "{DA70B1D3-C089-49A4-D01E-687681CAA75B}"
EndProject
Project("{FAE04EC0-301F-11D3-BF4B-00C04F79EFBC}") = "Sirenix.OdinInspector.Modules.UnityMathematics", "Sirenix.OdinInspector.Modules.UnityMathematics.csproj", "{10F6940D-915F-72F5-8542-4846F5455E12}"
EndProject
Global
	GlobalSection(SolutionConfigurationPlatforms) = preSolution
		Debug|Any CPU = Debug|Any CPU
		Release|Any CPU = Release|Any CPU
	EndGlobalSection
	GlobalSection(ProjectConfigurationPlatforms) = postSolution
		{90517A8C-F11A-273A-38C6-7B18DFE9A227}.Debug|Any CPU.ActiveCfg = Debug|Any CPU
		{90517A8C-F11A-273A-38C6-7B18DFE9A227}.Debug|Any CPU.Build.0 = Debug|Any CPU
		{90517A8C-F11A-273A-38C6-7B18DFE9A227}.Release|Any CPU.ActiveCfg = Release|Any CPU
		{90517A8C-F11A-273A-38C6-7B18DFE9A227}.Release|Any CPU.Build.0 = Release|Any CPU
		{7B21C57B-ECEA-8FB5-0976-5AB6798A6021}.Debug|Any CPU.ActiveCfg = Debug|Any CPU
		{7B21C57B-ECEA-8FB5-0976-5AB6798A6021}.Debug|Any CPU.Build.0 = Debug|Any CPU
		{7B21C57B-ECEA-8FB5-0976-5AB6798A6021}.Release|Any CPU.ActiveCfg = Release|Any CPU
		{7B21C57B-ECEA-8FB5-0976-5AB6798A6021}.Release|Any CPU.Build.0 = Release|Any CPU
		{7A473317-0D75-1187-DF1D-0E0175454D8F}.Debug|Any CPU.ActiveCfg = Debug|Any CPU
		{7A473317-0D75-1187-DF1D-0E0175454D8F}.Debug|Any CPU.Build.0 = Debug|Any CPU
		{7A473317-0D75-1187-DF1D-0E0175454D8F}.Release|Any CPU.ActiveCfg = Release|Any CPU
		{7A473317-0D75-1187-DF1D-0E0175454D8F}.Release|Any CPU.Build.0 = Release|Any CPU
		{E10511B1-BA17-339E-086D-231F959038CC}.Debug|Any CPU.ActiveCfg = Debug|Any CPU
		{E10511B1-BA17-339E-086D-231F959038CC}.Debug|Any CPU.Build.0 = Debug|Any CPU
		{E10511B1-BA17-339E-086D-231F959038CC}.Release|Any CPU.ActiveCfg = Release|Any CPU
		{E10511B1-BA17-339E-086D-231F959038CC}.Release|Any CPU.Build.0 = Release|Any CPU
		{F1D67D14-E1D0-2606-95FF-4C9E0A65B342}.Debug|Any CPU.ActiveCfg = Debug|Any CPU
		{F1D67D14-E1D0-2606-95FF-4C9E0A65B342}.Debug|Any CPU.Build.0 = Debug|Any CPU
		{F1D67D14-E1D0-2606-95FF-4C9E0A65B342}.Release|Any CPU.ActiveCfg = Release|Any CPU
		{F1D67D14-E1D0-2606-95FF-4C9E0A65B342}.Release|Any CPU.Build.0 = Release|Any CPU
		{591D8627-25BE-818D-2972-B400F26D744D}.Debug|Any CPU.ActiveCfg = Debug|Any CPU
		{591D8627-25BE-818D-2972-B400F26D744D}.Debug|Any CPU.Build.0 = Debug|Any CPU
		{591D8627-25BE-818D-2972-B400F26D744D}.Release|Any CPU.ActiveCfg = Release|Any CPU
		{591D8627-25BE-818D-2972-B400F26D744D}.Release|Any CPU.Build.0 = Release|Any CPU
		{50F2A374-9674-4025-64FF-EBA944BF9747}.Debug|Any CPU.ActiveCfg = Debug|Any CPU
		{50F2A374-9674-4025-64FF-EBA944BF9747}.Debug|Any CPU.Build.0 = Debug|Any CPU
		{50F2A374-9674-4025-64FF-EBA944BF9747}.Release|Any CPU.ActiveCfg = Release|Any CPU
		{50F2A374-9674-4025-64FF-EBA944BF9747}.Release|Any CPU.Build.0 = Release|Any CPU
		{607FC848-4D47-1B23-5892-E0BFA0B3FA0F}.Debug|Any CPU.ActiveCfg = Debug|Any CPU
		{607FC848-4D47-1B23-5892-E0BFA0B3FA0F}.Debug|Any CPU.Build.0 = Debug|Any CPU
		{607FC848-4D47-1B23-5892-E0BFA0B3FA0F}.Release|Any CPU.ActiveCfg = Release|Any CPU
		{607FC848-4D47-1B23-5892-E0BFA0B3FA0F}.Release|Any CPU.Build.0 = Release|Any CPU
		{963A414D-A402-2ED6-ABF1-FCD73C0BD423}.Debug|Any CPU.ActiveCfg = Debug|Any CPU
		{963A414D-A402-2ED6-ABF1-FCD73C0BD423}.Debug|Any CPU.Build.0 = Debug|Any CPU
		{963A414D-A402-2ED6-ABF1-FCD73C0BD423}.Release|Any CPU.ActiveCfg = Release|Any CPU
		{963A414D-A402-2ED6-ABF1-FCD73C0BD423}.Release|Any CPU.Build.0 = Release|Any CPU
		{2B0DD047-9149-BB04-8A25-E3F61E378B69}.Debug|Any CPU.ActiveCfg = Debug|Any CPU
		{2B0DD047-9149-BB04-8A25-E3F61E378B69}.Debug|Any CPU.Build.0 = Debug|Any CPU
		{2B0DD047-9149-BB04-8A25-E3F61E378B69}.Release|Any CPU.ActiveCfg = Release|Any CPU
		{2B0DD047-9149-BB04-8A25-E3F61E378B69}.Release|Any CPU.Build.0 = Release|Any CPU
		{755B1A28-FCBD-35C4-588D-59700EB90D46}.Debug|Any CPU.ActiveCfg = Debug|Any CPU
		{755B1A28-FCBD-35C4-588D-59700EB90D46}.Debug|Any CPU.Build.0 = Debug|Any CPU
		{755B1A28-FCBD-35C4-588D-59700EB90D46}.Release|Any CPU.ActiveCfg = Release|Any CPU
		{755B1A28-FCBD-35C4-588D-59700EB90D46}.Release|Any CPU.Build.0 = Release|Any CPU
		{312E59E0-D30C-E663-6585-D60F33145ECA}.Debug|Any CPU.ActiveCfg = Debug|Any CPU
		{312E59E0-D30C-E663-6585-D60F33145ECA}.Debug|Any CPU.Build.0 = Debug|Any CPU
		{312E59E0-D30C-E663-6585-D60F33145ECA}.Release|Any CPU.ActiveCfg = Release|Any CPU
		{312E59E0-D30C-E663-6585-D60F33145ECA}.Release|Any CPU.Build.0 = Release|Any CPU
		{E546FAFE-9A68-D1AA-AB8E-859C0D421C11}.Debug|Any CPU.ActiveCfg = Debug|Any CPU
		{E546FAFE-9A68-D1AA-AB8E-859C0D421C11}.Debug|Any CPU.Build.0 = Debug|Any CPU
		{E546FAFE-9A68-D1AA-AB8E-859C0D421C11}.Release|Any CPU.ActiveCfg = Release|Any CPU
		{E546FAFE-9A68-D1AA-AB8E-859C0D421C11}.Release|Any CPU.Build.0 = Release|Any CPU
		{89D6BE17-4140-4BF6-4342-0B1F8FD5AC15}.Debug|Any CPU.ActiveCfg = Debug|Any CPU
		{89D6BE17-4140-4BF6-4342-0B1F8FD5AC15}.Debug|Any CPU.Build.0 = Debug|Any CPU
		{89D6BE17-4140-4BF6-4342-0B1F8FD5AC15}.Release|Any CPU.ActiveCfg = Release|Any CPU
		{89D6BE17-4140-4BF6-4342-0B1F8FD5AC15}.Release|Any CPU.Build.0 = Release|Any CPU
		{D7A27E72-9D8F-D69D-6012-FDBD098C0E67}.Debug|Any CPU.ActiveCfg = Debug|Any CPU
		{D7A27E72-9D8F-D69D-6012-FDBD098C0E67}.Debug|Any CPU.Build.0 = Debug|Any CPU
		{D7A27E72-9D8F-D69D-6012-FDBD098C0E67}.Release|Any CPU.ActiveCfg = Release|Any CPU
		{D7A27E72-9D8F-D69D-6012-FDBD098C0E67}.Release|Any CPU.Build.0 = Release|Any CPU
		{FCCC5D41-2BBA-BB22-BC96-8C4FC1948C59}.Debug|Any CPU.ActiveCfg = Debug|Any CPU
		{FCCC5D41-2BBA-BB22-BC96-8C4FC1948C59}.Debug|Any CPU.Build.0 = Debug|Any CPU
		{FCCC5D41-2BBA-BB22-BC96-8C4FC1948C59}.Release|Any CPU.ActiveCfg = Release|Any CPU
		{FCCC5D41-2BBA-BB22-BC96-8C4FC1948C59}.Release|Any CPU.Build.0 = Release|Any CPU
		{48F508FE-7FF6-4A64-58B7-3B5DD82F452C}.Debug|Any CPU.ActiveCfg = Debug|Any CPU
		{48F508FE-7FF6-4A64-58B7-3B5DD82F452C}.Debug|Any CPU.Build.0 = Debug|Any CPU
		{48F508FE-7FF6-4A64-58B7-3B5DD82F452C}.Release|Any CPU.ActiveCfg = Release|Any CPU
		{48F508FE-7FF6-4A64-58B7-3B5DD82F452C}.Release|Any CPU.Build.0 = Release|Any CPU
		{4BBB8543-E87C-5B8B-70D3-ACF4DC77B637}.Debug|Any CPU.ActiveCfg = Debug|Any CPU
		{4BBB8543-E87C-5B8B-70D3-ACF4DC77B637}.Debug|Any CPU.Build.0 = Debug|Any CPU
		{4BBB8543-E87C-5B8B-70D3-ACF4DC77B637}.Release|Any CPU.ActiveCfg = Release|Any CPU
		{4BBB8543-E87C-5B8B-70D3-ACF4DC77B637}.Release|Any CPU.Build.0 = Release|Any CPU
		{02F28B8E-F9C4-798D-217F-A9F81D083744}.Debug|Any CPU.ActiveCfg = Debug|Any CPU
		{02F28B8E-F9C4-798D-217F-A9F81D083744}.Debug|Any CPU.Build.0 = Debug|Any CPU
		{02F28B8E-F9C4-798D-217F-A9F81D083744}.Release|Any CPU.ActiveCfg = Release|Any CPU
		{02F28B8E-F9C4-798D-217F-A9F81D083744}.Release|Any CPU.Build.0 = Release|Any CPU
		{0CEB174C-CF5B-9337-6307-0FABEC641F7F}.Debug|Any CPU.ActiveCfg = Debug|Any CPU
		{0CEB174C-CF5B-9337-6307-0FABEC641F7F}.Debug|Any CPU.Build.0 = Debug|Any CPU
		{0CEB174C-CF5B-9337-6307-0FABEC641F7F}.Release|Any CPU.ActiveCfg = Release|Any CPU
		{0CEB174C-CF5B-9337-6307-0FABEC641F7F}.Release|Any CPU.Build.0 = Release|Any CPU
		{B8134201-1A88-ED00-BF17-62EEBEF78B73}.Debug|Any CPU.ActiveCfg = Debug|Any CPU
		{B8134201-1A88-ED00-BF17-62EEBEF78B73}.Debug|Any CPU.Build.0 = Debug|Any CPU
		{B8134201-1A88-ED00-BF17-62EEBEF78B73}.Release|Any CPU.ActiveCfg = Release|Any CPU
		{B8134201-1A88-ED00-BF17-62EEBEF78B73}.Release|Any CPU.Build.0 = Release|Any CPU
		{7320347B-0135-B831-A24A-AB0E23057E58}.Debug|Any CPU.ActiveCfg = Debug|Any CPU
		{7320347B-0135-B831-A24A-AB0E23057E58}.Debug|Any CPU.Build.0 = Debug|Any CPU
		{7320347B-0135-B831-A24A-AB0E23057E58}.Release|Any CPU.ActiveCfg = Release|Any CPU
		{7320347B-0135-B831-A24A-AB0E23057E58}.Release|Any CPU.Build.0 = Release|Any CPU
		{688A7DF3-658E-7824-B00D-8FB47744CD68}.Debug|Any CPU.ActiveCfg = Debug|Any CPU
		{688A7DF3-658E-7824-B00D-8FB47744CD68}.Debug|Any CPU.Build.0 = Debug|Any CPU
		{688A7DF3-658E-7824-B00D-8FB47744CD68}.Release|Any CPU.ActiveCfg = Release|Any CPU
		{688A7DF3-658E-7824-B00D-8FB47744CD68}.Release|Any CPU.Build.0 = Release|Any CPU
		{85B4E3F4-D3E8-6B51-2653-B33B5C089197}.Debug|Any CPU.ActiveCfg = Debug|Any CPU
		{85B4E3F4-D3E8-6B51-2653-B33B5C089197}.Debug|Any CPU.Build.0 = Debug|Any CPU
		{85B4E3F4-D3E8-6B51-2653-B33B5C089197}.Release|Any CPU.ActiveCfg = Release|Any CPU
		{85B4E3F4-D3E8-6B51-2653-B33B5C089197}.Release|Any CPU.Build.0 = Release|Any CPU
		{DA70B1D3-C089-49A4-D01E-687681CAA75B}.Debug|Any CPU.ActiveCfg = Debug|Any CPU
		{DA70B1D3-C089-49A4-D01E-687681CAA75B}.Debug|Any CPU.Build.0 = Debug|Any CPU
		{DA70B1D3-C089-49A4-D01E-687681CAA75B}.Release|Any CPU.ActiveCfg = Release|Any CPU
		{DA70B1D3-C089-49A4-D01E-687681CAA75B}.Release|Any CPU.Build.0 = Release|Any CPU
		{10F6940D-915F-72F5-8542-4846F5455E12}.Debug|Any CPU.ActiveCfg = Debug|Any CPU
		{10F6940D-915F-72F5-8542-4846F5455E12}.Debug|Any CPU.Build.0 = Debug|Any CPU
		{10F6940D-915F-72F5-8542-4846F5455E12}.Release|Any CPU.ActiveCfg = Release|Any CPU
		{10F6940D-915F-72F5-8542-4846F5455E12}.Release|Any CPU.Build.0 = Release|Any CPU
	EndGlobalSection
	GlobalSection(SolutionProperties) = preSolution
		HideSolutionNode = FALSE
	EndGlobalSection
EndGlobal
